
Microsoft Visual Studio Solution File, Format Version 12.00
# Visual Studio 14
VisualStudioVersion = 14.0.25420.1
MinimumVisualStudioVersion = 10.0.40219.1
Project("{FAE04EC0-301F-11D3-BF4B-00C04F79EFBC}") = "Labra10T4", "Labra10T4\Labra10T4.csproj", "{83679288-387C-4D89-86A6-7C8EF03B44F8}"
EndProject
Global
	GlobalSection(SolutionConfigurationPlatforms) = preSolution
		Debug|Any CPU = Debug|Any CPU
		Release|Any CPU = Release|Any CPU
	EndGlobalSection
	GlobalSection(ProjectConfigurationPlatforms) = postSolution
		{83679288-387C-4D89-86A6-7C8EF03B44F8}.Debug|Any CPU.ActiveCfg = Debug|Any CPU
		{83679288-387C-4D89-86A6-7C8EF03B44F8}.Debug|Any CPU.Build.0 = Debug|Any CPU
		{83679288-387C-4D89-86A6-7C8EF03B44F8}.Release|Any CPU.ActiveCfg = Release|Any CPU
		{83679288-387C-4D89-86A6-7C8EF03B44F8}.Release|Any CPU.Build.0 = Release|Any CPU
	EndGlobalSection
	GlobalSection(SolutionProperties) = preSolution
		HideSolutionNode = FALSE
	EndGlobalSection
EndGlobal
